
Microsoft Visual Studio Solution File, Format Version 10.00
# Visual Studio 2008
Project("{D183A3D8-5FD8-494B-B014-37F57B35E655}") = "Integration Services - Import SalesForce Data", "Integration Services - Import SalesForce Data.dtproj", "{14E0D809-7977-48ED-8D5F-932D068871EB}"
EndProject
Project("{F14B399A-7131-4C87-9E4B-1186C45EF12D}") = "Job Tracking Reports", "..\Job Tracking Reports\Job Tracking Reports.rptproj", "{387A42DE-046C-46E8-BFAC-A91BD6FD385B}"
EndProject
Global
	GlobalSection(SolutionConfigurationPlatforms) = preSolution
		Debug|Default = Debug|Default
		DebugLocal|Default = DebugLocal|Default
		Development|Default = Development|Default
		Release|Default = Release|Default
	EndGlobalSection
	GlobalSection(ProjectConfigurationPlatforms) = postSolution
		{14E0D809-7977-48ED-8D5F-932D068871EB}.Debug|Default.ActiveCfg = Development
		{14E0D809-7977-48ED-8D5F-932D068871EB}.Debug|Default.Build.0 = Development
		{14E0D809-7977-48ED-8D5F-932D068871EB}.DebugLocal|Default.ActiveCfg = Development
		{14E0D809-7977-48ED-8D5F-932D068871EB}.DebugLocal|Default.Build.0 = Development
		{14E0D809-7977-48ED-8D5F-932D068871EB}.Development|Default.ActiveCfg = Development
		{14E0D809-7977-48ED-8D5F-932D068871EB}.Development|Default.Build.0 = Development
		{14E0D809-7977-48ED-8D5F-932D068871EB}.Release|Default.ActiveCfg = Development
		{14E0D809-7977-48ED-8D5F-932D068871EB}.Release|Default.Build.0 = Development
		{387A42DE-046C-46E8-BFAC-A91BD6FD385B}.Debug|Default.ActiveCfg = Debug
		{387A42DE-046C-46E8-BFAC-A91BD6FD385B}.Debug|Default.Build.0 = DebugLocal
		{387A42DE-046C-46E8-BFAC-A91BD6FD385B}.Debug|Default.Deploy.0 = DebugLocal
		{387A42DE-046C-46E8-BFAC-A91BD6FD385B}.DebugLocal|Default.ActiveCfg = DebugLocal
		{387A42DE-046C-46E8-BFAC-A91BD6FD385B}.DebugLocal|Default.Build.0 = DebugLocal
		{387A42DE-046C-46E8-BFAC-A91BD6FD385B}.Development|Default.ActiveCfg = DebugLocal
		{387A42DE-046C-46E8-BFAC-A91BD6FD385B}.Development|Default.Build.0 = DebugLocal
		{387A42DE-046C-46E8-BFAC-A91BD6FD385B}.Release|Default.ActiveCfg = Release
		{387A42DE-046C-46E8-BFAC-A91BD6FD385B}.Release|Default.Build.0 = Release
		{387A42DE-046C-46E8-BFAC-A91BD6FD385B}.Release|Default.Deploy.0 = Release
	EndGlobalSection
	GlobalSection(SolutionProperties) = preSolution
		HideSolutionNode = FALSE
	EndGlobalSection
EndGlobal
